{
  "version": 4,
  "terraform_version": "1.15.7",
  "serial": 36,
  "lineage": "19a7b9cc-5948-8d6b-32fb-0de0a63f071e",
  "outputs": {
    "app_iam_policy_arn": {
      "value": "arn:aws:iam::471147325176:policy/GatekeeperAudioS3Access",
      "type": "string"
    },
    "bucket_arn": {
      "value": "arn:aws:s3:::gatekeeper-stem-vault-148452ea",
      "type": "string"
    },
    "bucket_name": {
      "value": "gatekeeper-stem-vault-148452ea",
      "type": "string"
    },
    "bucket_region": {
      "value": "us-east-1",
      "type": "string"
    },
    "security_scan_lambda_name": {
      "value": "gatekeeper-security-scan",
      "type": "string"
    }
  },
  "resources": [
    {
      "mode": "data",
      "type": "archive_file",
      "name": "security_scan_zip",
      "provider": "provider[\"registry.terraform.io/hashicorp/archive\"]",
      "instances": [
        {
          "schema_version": 0,
          "attributes": {
            "exclude_symlink_directories": null,
            "excludes": null,
            "id": "8254fc97909c8d614dd3cfbf5efc42ce646ecff8",
            "output_base64sha256": "xnwr33gUgeTDIHIXOyXrGmXzF3qrWQ4zTPfqOkee+2I=",
            "output_base64sha512": "E6xP4cyhC+wExhOg2tHILmckHWV7OJj4NY0kl4WDkLj84ROs7GzEr66+RvLlRAU4WBfPK9xZ7jTUhRbd+84O0A==",
            "output_file_mode": null,
            "output_md5": "25316903de40f867a993d28ca57143ff",
            "output_path": "./build/securityScan.zip",
            "output_sha": "8254fc97909c8d614dd3cfbf5efc42ce646ecff8",
            "output_sha256": "c67c2bdf781481e4c32072173b25eb1a65f3177aab590e334cf7ea3a479efb62",
            "output_sha512": "13ac4fe1cca10bec04c613a0dad1c82e67241d657b3898f8358d2497858390b8fce113acec6cc4afaebe46f2e54405385817cf2bdc59ee34d48516ddfbce0ed0",
            "output_size": 17630,
            "source": [],
            "source_content": null,
            "source_content_filename": null,
            "source_dir": "./../lambda/securityScan",
            "source_file": null,
            "type": "zip"
          },
          "sensitive_attributes": [],
          "identity_schema_version": 0
        }
      ]
    },
    {
      "mode": "managed",
      "type": "aws_iam_policy",
      "name": "gatekeeper_s3_access",
      "provider": "provider[\"registry.terraform.io/hashicorp/aws\"]",
      "instances": [
        {
          "schema_version": 0,
          "attributes": {
            "arn": "arn:aws:iam::471147325176:policy/GatekeeperAudioS3Access",
            "attachment_count": 0,
            "description": "Least-privilege S3 access for the Gatekeeper Audio backend. Scoped strictly to the stem vault bucket.",
            "id": "arn:aws:iam::471147325176:policy/GatekeeperAudioS3Access",
            "name": "GatekeeperAudioS3Access",
            "name_prefix": "",
            "path": "/",
            "policy": "{\"Statement\":[{\"Action\":[\"s3:PutObject\",\"s3:GetObject\",\"s3:HeadObject\",\"s3:DeleteObject\"],\"Effect\":\"Allow\",\"Resource\":\"arn:aws:s3:::gatekeeper-stem-vault-148452ea/*\",\"Sid\":\"StemObjectAccess\"},{\"Action\":[\"s3:ListBucket\",\"s3:GetBucketLocation\"],\"Effect\":\"Allow\",\"Resource\":\"arn:aws:s3:::gatekeeper-stem-vault-148452ea\",\"Sid\":\"BucketLevelAccess\"},{\"Action\":[\"lambda:InvokeFunction\"],\"Effect\":\"Allow\",\"Resource\":\"arn:aws:lambda:us-east-1:471147325176:function:gatekeeper-security-scan\",\"Sid\":\"LambdaInvoke\"}],\"Version\":\"2012-10-17\"}",
            "policy_id": "ANPAW3MURU34EPORE7AGI",
            "tags": {
              "ManagedBy": "terraform",
              "Project": "GatekeeperAudio"
            },
            "tags_all": {
              "ManagedBy": "terraform",
              "Project": "GatekeeperAudio"
            }
          },
          "sensitive_attributes": [],
          "identity_schema_version": 0,
          "private": "bnVsbA==",
          "dependencies": [
            "aws_iam_role.scan_lambda_role",
            "aws_lambda_function.security_scan",
            "aws_s3_bucket.stem_vault",
            "data.archive_file.security_scan_zip",
            "random_id.bucket_suffix"
          ]
        }
      ]
    },
    {
      "mode": "managed",
      "type": "aws_iam_role",
      "name": "scan_lambda_role",
      "provider": "provider[\"registry.terraform.io/hashicorp/aws\"]",
      "instances": [
        {
          "schema_version": 0,
          "attributes": {
            "arn": "arn:aws:iam::471147325176:role/gatekeeper-security-scan-role",
            "assume_role_policy": "{\"Statement\":[{\"Action\":\"sts:AssumeRole\",\"Effect\":\"Allow\",\"Principal\":{\"Service\":\"lambda.amazonaws.com\"}}],\"Version\":\"2012-10-17\"}",
            "create_date": "2026-07-23T19:43:23Z",
            "description": "",
            "force_detach_policies": false,
            "id": "gatekeeper-security-scan-role",
            "inline_policy": [
              {
                "name": "gatekeeper-scan-lambda-s3",
                "policy": "{\"Version\":\"2012-10-17\",\"Statement\":[{\"Action\":[\"s3:GetObject\",\"s3:HeadObject\"],\"Effect\":\"Allow\",\"Resource\":\"arn:aws:s3:::gatekeeper-stem-vault-148452ea/*\"},{\"Action\":[\"logs:CreateLogGroup\",\"logs:CreateLogStream\",\"logs:PutLogEvents\"],\"Effect\":\"Allow\",\"Resource\":\"arn:aws:logs:*:*:*\"}]}"
              }
            ],
            "managed_policy_arns": [],
            "max_session_duration": 3600,
            "name": "gatekeeper-security-scan-role",
            "name_prefix": "",
            "path": "/",
            "permissions_boundary": "",
            "tags": {
              "ManagedBy": "terraform",
              "Project": "GatekeeperAudio"
            },
            "tags_all": {
              "ManagedBy": "terraform",
              "Project": "GatekeeperAudio"
            },
            "unique_id": "AROAW3MURU34PZEBQRKLG"
          },
          "sensitive_attributes": [],
          "identity_schema_version": 0,
          "private": "bnVsbA=="
        }
      ]
    },
    {
      "mode": "managed",
      "type": "aws_iam_role_policy",
      "name": "scan_lambda_s3",
      "provider": "provider[\"registry.terraform.io/hashicorp/aws\"]",
      "instances": [
        {
          "schema_version": 0,
          "attributes": {
            "id": "gatekeeper-security-scan-role:gatekeeper-scan-lambda-s3",
            "name": "gatekeeper-scan-lambda-s3",
            "name_prefix": "",
            "policy": "{\"Version\":\"2012-10-17\",\"Statement\":[{\"Action\":[\"s3:GetObject\",\"s3:HeadObject\"],\"Effect\":\"Allow\",\"Resource\":\"arn:aws:s3:::gatekeeper-stem-vault-148452ea/*\"},{\"Action\":[\"logs:CreateLogGroup\",\"logs:CreateLogStream\",\"logs:PutLogEvents\"],\"Effect\":\"Allow\",\"Resource\":\"arn:aws:logs:*:*:*\"}]}",
            "role": "gatekeeper-security-scan-role"
          },
          "sensitive_attributes": [],
          "identity_schema_version": 0,
          "private": "bnVsbA==",
          "dependencies": [
            "aws_iam_role.scan_lambda_role",
            "aws_s3_bucket.stem_vault",
            "random_id.bucket_suffix"
          ]
        }
      ]
    },
    {
      "mode": "managed",
      "type": "aws_lambda_function",
      "name": "security_scan",
      "provider": "provider[\"registry.terraform.io/hashicorp/aws\"]",
      "instances": [
        {
          "schema_version": 0,
          "attributes": {
            "architectures": [
              "x86_64"
            ],
            "arn": "arn:aws:lambda:us-east-1:471147325176:function:gatekeeper-security-scan",
            "code_sha256": "xnwr33gUgeTDIHIXOyXrGmXzF3qrWQ4zTPfqOkee+2I=",
            "code_signing_config_arn": "",
            "dead_letter_config": [],
            "description": "",
            "environment": [
              {
                "variables": {
                  "GATEKEEPER_S3_BUCKET": "gatekeeper-stem-vault-148452ea"
                }
              }
            ],
            "ephemeral_storage": [
              {
                "size": 512
              }
            ],
            "file_system_config": [],
            "filename": "./build/securityScan.zip",
            "function_name": "gatekeeper-security-scan",
            "handler": "index.handler",
            "id": "gatekeeper-security-scan",
            "image_config": [],
            "image_uri": "",
            "invoke_arn": "arn:aws:apigateway:us-east-1:lambda:path/2015-03-31/functions/arn:aws:lambda:us-east-1:471147325176:function:gatekeeper-security-scan/invocations",
            "kms_key_arn": "",
            "last_modified": "2026-07-23T19:43:30.682+0000",
            "layers": [],
            "logging_config": [
              {
                "application_log_level": "",
                "log_format": "Text",
                "log_group": "/aws/lambda/gatekeeper-security-scan",
                "system_log_level": ""
              }
            ],
            "memory_size": 128,
            "package_type": "Zip",
            "publish": false,
            "qualified_arn": "arn:aws:lambda:us-east-1:471147325176:function:gatekeeper-security-scan:$LATEST",
            "qualified_invoke_arn": "arn:aws:apigateway:us-east-1:lambda:path/2015-03-31/functions/arn:aws:lambda:us-east-1:471147325176:function:gatekeeper-security-scan:$LATEST/invocations",
            "replace_security_groups_on_destroy": null,
            "replacement_security_group_ids": null,
            "reserved_concurrent_executions": -1,
            "role": "arn:aws:iam::471147325176:role/gatekeeper-security-scan-role",
            "runtime": "nodejs20.x",
            "s3_bucket": null,
            "s3_key": null,
            "s3_object_version": null,
            "signing_job_arn": "",
            "signing_profile_version_arn": "",
            "skip_destroy": false,
            "snap_start": [],
            "source_code_hash": "xnwr33gUgeTDIHIXOyXrGmXzF3qrWQ4zTPfqOkee+2I=",
            "source_code_size": 17630,
            "tags": {
              "ManagedBy": "terraform",
              "Project": "GatekeeperAudio"
            },
            "tags_all": {
              "ManagedBy": "terraform",
              "Project": "GatekeeperAudio"
            },
            "timeout": 15,
            "timeouts": null,
            "tracing_config": [
              {
                "mode": "PassThrough"
              }
            ],
            "version": "$LATEST",
            "vpc_config": []
          },
          "sensitive_attributes": [],
          "identity_schema_version": 0,
          "private": "eyJlMmJmYjczMC1lY2FhLTExZTYtOGY4OC0zNDM2M2JjN2M0YzAiOnsiY3JlYXRlIjo2MDAwMDAwMDAwMDAsImRlbGV0ZSI6NjAwMDAwMDAwMDAwLCJ1cGRhdGUiOjYwMDAwMDAwMDAwMH19",
          "dependencies": [
            "aws_iam_role.scan_lambda_role",
            "aws_s3_bucket.stem_vault",
            "data.archive_file.security_scan_zip",
            "random_id.bucket_suffix"
          ]
        }
      ]
    },
    {
      "mode": "managed",
      "type": "aws_s3_bucket",
      "name": "stem_vault",
      "provider": "provider[\"registry.terraform.io/hashicorp/aws\"]",
      "instances": [
        {
          "schema_version": 0,
          "attributes": {
            "acceleration_status": "",
            "acl": null,
            "arn": "arn:aws:s3:::gatekeeper-stem-vault-148452ea",
            "bucket": "gatekeeper-stem-vault-148452ea",
            "bucket_domain_name": "gatekeeper-stem-vault-148452ea.s3.amazonaws.com",
            "bucket_prefix": "",
            "bucket_regional_domain_name": "gatekeeper-stem-vault-148452ea.s3.us-east-1.amazonaws.com",
            "cors_rule": [
              {
                "allowed_headers": [
                  "*"
                ],
                "allowed_methods": [
                  "GET",
                  "HEAD",
                  "PUT"
                ],
                "allowed_origins": [
                  "http://localhost:3000",
                  "http://localhost:5173"
                ],
                "expose_headers": [
                  "ETag"
                ],
                "max_age_seconds": 600
              }
            ],
            "force_destroy": false,
            "grant": [
              {
                "id": "c8954ff204bb059207cca6ee7f5870575c5334015e1066f77b94ee28fd6a3cf3",
                "permissions": [
                  "FULL_CONTROL"
                ],
                "type": "CanonicalUser",
                "uri": ""
              }
            ],
            "hosted_zone_id": "Z3AQBSTGFYJSTF",
            "id": "gatekeeper-stem-vault-148452ea",
            "lifecycle_rule": [],
            "logging": [],
            "object_lock_configuration": [],
            "object_lock_enabled": false,
            "policy": "",
            "region": "us-east-1",
            "replication_configuration": [],
            "request_payer": "BucketOwner",
            "server_side_encryption_configuration": [
              {
                "rule": [
                  {
                    "apply_server_side_encryption_by_default": [
                      {
                        "kms_master_key_id": "",
                        "sse_algorithm": "AES256"
                      }
                    ],
                    "bucket_key_enabled": true
                  }
                ]
              }
            ],
            "tags": {
              "Environment": "production",
              "ManagedBy": "terraform",
              "Project": "GatekeeperAudio"
            },
            "tags_all": {
              "Environment": "production",
              "ManagedBy": "terraform",
              "Project": "GatekeeperAudio"
            },
            "timeouts": null,
            "versioning": [
              {
                "enabled": true,
                "mfa_delete": false
              }
            ],
            "website": [],
            "website_domain": null,
            "website_endpoint": null
          },
          "sensitive_attributes": [],
          "identity_schema_version": 0,
          "private": "eyJlMmJmYjczMC1lY2FhLTExZTYtOGY4OC0zNDM2M2JjN2M0YzAiOnsiY3JlYXRlIjoxMjAwMDAwMDAwMDAwLCJkZWxldGUiOjM2MDAwMDAwMDAwMDAsInJlYWQiOjEyMDAwMDAwMDAwMDAsInVwZGF0ZSI6MTIwMDAwMDAwMDAwMH19",
          "dependencies": [
            "random_id.bucket_suffix"
          ]
        }
      ]
    },
    {
      "mode": "managed",
      "type": "aws_s3_bucket_cors_configuration",
      "name": "stem_vault",
      "provider": "provider[\"registry.terraform.io/hashicorp/aws\"]",
      "instances": [
        {
          "schema_version": 0,
          "attributes": {
            "bucket": "gatekeeper-stem-vault-148452ea",
            "cors_rule": [
              {
                "allowed_headers": [
                  "*"
                ],
                "allowed_methods": [
                  "GET",
                  "HEAD",
                  "PUT"
                ],
                "allowed_origins": [
                  "http://localhost:3000",
                  "http://localhost:5173",
                  "https://harmonica-cable-captivity.ngrok-free.dev"
                ],
                "expose_headers": [
                  "ETag"
                ],
                "id": "",
                "max_age_seconds": 600
              }
            ],
            "expected_bucket_owner": "",
            "id": "gatekeeper-stem-vault-148452ea"
          },
          "sensitive_attributes": [],
          "identity_schema_version": 0,
          "private": "bnVsbA==",
          "dependencies": [
            "aws_s3_bucket.stem_vault",
            "random_id.bucket_suffix"
          ]
        }
      ]
    },
    {
      "mode": "managed",
      "type": "aws_s3_bucket_public_access_block",
      "name": "stem_vault",
      "provider": "provider[\"registry.terraform.io/hashicorp/aws\"]",
      "instances": [
        {
          "schema_version": 0,
          "attributes": {
            "block_public_acls": true,
            "block_public_policy": true,
            "bucket": "gatekeeper-stem-vault-148452ea",
            "id": "gatekeeper-stem-vault-148452ea",
            "ignore_public_acls": true,
            "restrict_public_buckets": true
          },
          "sensitive_attributes": [],
          "identity_schema_version": 0,
          "private": "bnVsbA==",
          "dependencies": [
            "aws_s3_bucket.stem_vault",
            "random_id.bucket_suffix"
          ]
        }
      ]
    },
    {
      "mode": "managed",
      "type": "aws_s3_bucket_server_side_encryption_configuration",
      "name": "stem_vault",
      "provider": "provider[\"registry.terraform.io/hashicorp/aws\"]",
      "instances": [
        {
          "schema_version": 0,
          "attributes": {
            "bucket": "gatekeeper-stem-vault-148452ea",
            "expected_bucket_owner": "",
            "id": "gatekeeper-stem-vault-148452ea",
            "rule": [
              {
                "apply_server_side_encryption_by_default": [
                  {
                    "kms_master_key_id": "",
                    "sse_algorithm": "AES256"
                  }
                ],
                "bucket_key_enabled": true
              }
            ]
          },
          "sensitive_attributes": [],
          "identity_schema_version": 0,
          "private": "bnVsbA==",
          "dependencies": [
            "aws_s3_bucket.stem_vault",
            "random_id.bucket_suffix"
          ]
        }
      ]
    },
    {
      "mode": "managed",
      "type": "aws_s3_bucket_versioning",
      "name": "stem_vault",
      "provider": "provider[\"registry.terraform.io/hashicorp/aws\"]",
      "instances": [
        {
          "schema_version": 0,
          "attributes": {
            "bucket": "gatekeeper-stem-vault-148452ea",
            "expected_bucket_owner": "",
            "id": "gatekeeper-stem-vault-148452ea",
            "mfa": null,
            "versioning_configuration": [
              {
                "mfa_delete": "",
                "status": "Enabled"
              }
            ]
          },
          "sensitive_attributes": [],
          "identity_schema_version": 0,
          "private": "bnVsbA==",
          "dependencies": [
            "aws_s3_bucket.stem_vault",
            "random_id.bucket_suffix"
          ]
        }
      ]
    },
    {
      "mode": "managed",
      "type": "random_id",
      "name": "bucket_suffix",
      "provider": "provider[\"registry.terraform.io/hashicorp/random\"]",
      "instances": [
        {
          "schema_version": 0,
          "attributes": {
            "b64_std": "FIRS6g==",
            "b64_url": "FIRS6g",
            "byte_length": 4,
            "dec": "344216298",
            "hex": "148452ea",
            "id": "FIRS6g",
            "keepers": null,
            "prefix": null
          },
          "sensitive_attributes": [],
          "identity_schema_version": 0
        }
      ]
    }
  ],
  "check_results": null
}
